
Microsoft Visual Studio Solution File, Format Version 12.00
# Visual Studio Version 17
VisualStudioVersion = 17.7.34031.279
MinimumVisualStudioVersion = 10.0.40219.1
Project("{8BC9CEB8-8B4A-11D0-8D11-00A0C91BC942}") = "05-02", "05-02.vcxproj", "{5419A2F4-554D-485F-943A-D7B20921478A}"
EndProject
Global
	GlobalSection(SolutionConfigurationPlatforms) = preSolution
		Debug|x64 = Debug|x64
		Debug|x86 = Debug|x86
		Release|x64 = Release|x64
		Release|x86 = Release|x86
	EndGlobalSection
	GlobalSection(ProjectConfigurationPlatforms) = postSolution
		{5419A2F4-554D-485F-943A-D7B20921478A}.Debug|x64.ActiveCfg = Debug|x64
		{5419A2F4-554D-485F-943A-D7B20921478A}.Debug|x64.Build.0 = Debug|x64
		{5419A2F4-554D-485F-943A-D7B20921478A}.Debug|x86.ActiveCfg = Debug|Win32
		{5419A2F4-554D-485F-943A-D7B20921478A}.Debug|x86.Build.0 = Debug|Win32
		{5419A2F4-554D-485F-943A-D7B20921478A}.Release|x64.ActiveCfg = Release|x64
		{5419A2F4-554D-485F-943A-D7B20921478A}.Release|x64.Build.0 = Release|x64
		{5419A2F4-554D-485F-943A-D7B20921478A}.Release|x86.ActiveCfg = Release|Win32
		{5419A2F4-554D-485F-943A-D7B20921478A}.Release|x86.Build.0 = Release|Win32
	EndGlobalSection
	GlobalSection(SolutionProperties) = preSolution
		HideSolutionNode = FALSE
	EndGlobalSection
	GlobalSection(ExtensibilityGlobals) = postSolution
		SolutionGuid = {1EDAEBD1-0281-4196-B9FE-792CCBE7CD37}
	EndGlobalSection
EndGlobal
