
Microsoft Visual Studio Solution File, Format Version 12.00
# Visual Studio Version 17
VisualStudioVersion = 17.7.34031.279
MinimumVisualStudioVersion = 10.0.40219.1
Project("{8BC9CEB8-8B4A-11D0-8D11-00A0C91BC942}") = "05-16", "05-16\05-16.vcxproj", "{F8126B8D-4B0F-45C1-B180-5496BBF5D298}"
EndProject
Global
	GlobalSection(SolutionConfigurationPlatforms) = preSolution
		Debug|x64 = Debug|x64
		Debug|x86 = Debug|x86
		Release|x64 = Release|x64
		Release|x86 = Release|x86
	EndGlobalSection
	GlobalSection(ProjectConfigurationPlatforms) = postSolution
		{F8126B8D-4B0F-45C1-B180-5496BBF5D298}.Debug|x64.ActiveCfg = Debug|x64
		{F8126B8D-4B0F-45C1-B180-5496BBF5D298}.Debug|x64.Build.0 = Debug|x64
		{F8126B8D-4B0F-45C1-B180-5496BBF5D298}.Debug|x86.ActiveCfg = Debug|Win32
		{F8126B8D-4B0F-45C1-B180-5496BBF5D298}.Debug|x86.Build.0 = Debug|Win32
		{F8126B8D-4B0F-45C1-B180-5496BBF5D298}.Release|x64.ActiveCfg = Release|x64
		{F8126B8D-4B0F-45C1-B180-5496BBF5D298}.Release|x64.Build.0 = Release|x64
		{F8126B8D-4B0F-45C1-B180-5496BBF5D298}.Release|x86.ActiveCfg = Release|Win32
		{F8126B8D-4B0F-45C1-B180-5496BBF5D298}.Release|x86.Build.0 = Release|Win32
	EndGlobalSection
	GlobalSection(SolutionProperties) = preSolution
		HideSolutionNode = FALSE
	EndGlobalSection
	GlobalSection(ExtensibilityGlobals) = postSolution
		SolutionGuid = {9E1D600A-7895-4B56-A9DB-84AF39C153D9}
	EndGlobalSection
EndGlobal
